# This file is automatically @generated by Cargo.
# It is not intended for manual editing.
version = 4

[[package]]
name = "binsight"
version = "0.1.0"

[[package]]
name = "binsight-api"
version = "0.1.0"

[[package]]
name = "binsight-chain"
version = "0.1.0"

[[package]]
name = "binsight-core"
version = "0.1.0"

[[package]]
name = "binsight-dlmm"
version = "0.1.0"

[[package]]
name = "binsight-engine"
version = "0.1.0"

[[package]]
name = "binsight-ledger"
version = "0.1.0"

[[package]]
name = "binsight-solana"
version = "0.1.0"

[[package]]
name = "binsight-store"
version = "0.1.0"
