# Written by the corpus test of binsight-dlmm (BINSIGHT_UPDATE_DECODER_LOCK=1); do not edit.
# The SHA-256 of the decoder's output on each fixture, under the version that produced it.
version = 1

[outputs]
"claim-fee2-with-claim-fee-tx-1" = "3c5fbc3c4d6484be595a048a8ee3006b2c8414e52c2307fdc21b6883c258bf5f"
"failed-swap-through-dlmm-tx-1" = "54f699d86b9a305e8033ea8951c6daf99bdb08ba8239852908b292a22e56cbf4"
"legacy-sol-transfer-tx-1" = "7592b52c636f8d5c1a341202f810468218fd7b749121b8d988f5978918b22b6b"
"pre-2022-serum-order-tx-1" = "7592b52c636f8d5c1a341202f810468218fd7b749121b8d988f5978918b22b6b"
"rebalance-with-fees-tx-1" = "c19f7b8b8a370aa0b54bfe744820cb4c58d5c23247e4f1b71f90b79c3df2fae6"
"scenario-add-liquidity" = "be1b13446d32a3a88a34b4682f0aabda2448d307a4c632fdb8ade387042a3919"
"scenario-claim-alone-without-bin" = "333e7d24135700dbe5f7c0ace81de9f18452f112b15dacef67058155d3a086e3"
"scenario-claim-batch-without-twins" = "b2333d5dcf5e2ec8a4b448b8798c4497474e6d5e6f486216fba393eb6074feb0"
"scenario-claim-borrows-pool-bin" = "6a2e9a39def461ae558a2f790ea0f19e2b9610d6383cdfa203bd9bb15c1dc8ca"
"scenario-claim-both-forms-after-remove" = "d9f0ea38c926ddb9859ff407bdeabc68c813b7931a4a0b5540d7bffbe5dcece1"
"scenario-claim-both-forms-one-call" = "c67a593a530da7e7afdca9ecde4e16f72d5367ec25919b2e6174360d7506e547"
"scenario-claim-emitted-twice" = "772bfb1db30ded44c99ca4d47a12e4bf82ea6c8cfdf642ab581e683ffbc7dd8a"
"scenario-claim-equal-amounts-two-calls" = "c7fdc96c8dbb78ef84aca7df7eb0caefc9c926c7e9ce83c6df4aef03bc332cfe"
"scenario-claim-other-pool-bin" = "0760a762daeb616fd74a678df3c3871f9632f020fdee2918284b33c33b9aa169"
"scenario-close-and-recreate" = "f4ecc8e5c73b040cc096630fd4b961923552d605eabd4f9f4c6e6c1d20fca44b"
"scenario-close-if-empty-not-empty" = "7592b52c636f8d5c1a341202f810468218fd7b749121b8d988f5978918b22b6b"
"scenario-close-with-event" = "83e17448ca5c8a8e98746fad07701f0fe895d9acec8b818d352e8574bbe86d17"
"scenario-close-without-event" = "53bb2d43a110bcfa6d4d3872f5cb121af131d9d13c9274d230f65a875ae5ca18"
"scenario-failed-transaction" = "51901677049ac73a07054ea197f277e282a0a14b03ce2dce16442c968ea84b58"
"scenario-open-without-event" = "0df8edad29eceb9585f390acab526db3936215031f531b5b3f68601ccbabdeba"
"scenario-position-create" = "0eeec1b5a02a2dbac1996388afce3c87250515165f1f099b5e264402e44f27e9"
"scenario-rebalance-and-claim-of-other-amounts" = "b0f3dd1aefcd1bff63c36338519e1a7322526b9683131810dfcd3ced8fef46c4"
"scenario-rebalance-and-claim-without-stack-heights" = "4b8b2572f03b3523d93b6f46d64babb87dcdb20aa9c12afba30f20abce7c7308"
"scenario-rebalance-harvest" = "e8b8a2797f095f9ccb237bec4d5c82303f8ff64243f804fcab1dbc83b09eb16b"
"scenario-rebalance-harvest-then-claim" = "d7bd2119386578fb737a76a2afeb160aca25aa6c290e9aea6b00aecdf8a71b12"
"scenario-rebalance-rewards" = "d235ad72ce780dd4d1be2204f551a3a3ad599c06a0b412dead9d4a1c98ad368b"
"scenario-reward-mint-from-instruction" = "9137d4a862752c9d180d43929e748cc71c7f0dd823fe0a2272cb1639d9ccb9c7"
"scenario-swap-both-forms-one-call" = "376f6a1261039e74c907e9f0f60064b3ba9a4f701437dd1ed957bffc81628e32"
"scenario-swap-second-form-only" = "2b9f6ca98a0f57224233c27b9886f718853880117432cfe1d5db0227389d3564"
"scenario-unknown-event" = "34004960e7b89a427422bf1416c53e7bc8973ff6614ebcef7d11e3d63e766e4b"
"scenario-zero-deposit" = "88bae9c261d454a1937e1e81928b34fff8b2a9884ec01976e3d68a39e876ae4a"
"token2022-transfer-fee-tx-1" = "76321b88149f38436e572fb0310e94d3291250edc2be39cab0a3a8b0135ac513"
"v0-add-liquidity-alt-tx-1" = "a4bd266436f493ae5159b20a6ed1708bcb754cebba6974110d270abd6de1c05f"
"v1-rebalance-liquidity-tx-1" = "29670332e787a74c2a7fa365d35c5f47e12ded8d6cc87b98e48b5b5dc2ead497"
